# Generated by pub
# See https://dart.dev/tools/pub/glossary#lockfile
packages:
  _fe_analyzer_shared:
    dependency: transitive
    description:
      name: _fe_analyzer_shared
      url: "https://pub.dartlang.org"
    source: hosted
    version: "22.0.0"
  add_2_calendar:
    dependency: transitive
    description:
      name: add_2_calendar
      url: "https://pub.dartlang.org"
    source: hosted
    version: "2.1.2"
  analyzer:
    dependency: transitive
    description:
      name: analyzer
      url: "https://pub.dartlang.org"
    source: hosted
    version: "1.7.1"
  another_flushbar:
    dependency: transitive
    description:
      name: another_flushbar
      url: "https://pub.dartlang.org"
    source: hosted
    version: "1.10.24"
  archive:
    dependency: transitive
    description:
      name: archive
      url: "https://pub.dartlang.org"
    source: hosted
    version: "3.1.6"
  args:
    dependency: transitive
    description:
      name: args
      url: "https://pub.dartlang.org"
    source: hosted
    version: "2.2.0"
  asn1lib:
    dependency: transitive
    description:
      name: asn1lib
      url: "https://pub.dartlang.org"
    source: hosted
    version: "1.0.2"
  async:
    dependency: transitive
    description:
      name: async
      url: "https://pub.dartlang.org"
    source: hosted
    version: "2.6.1"
  auto_size_text:
    dependency: transitive
    description:
      name: auto_size_text
      url: "https://pub.dartlang.org"
    source: hosted
    version: "3.0.0-nullsafety.0"
  barcode:
    dependency: transitive
    description:
      name: barcode
      url: "https://pub.dartlang.org"
    source: hosted
    version: "2.1.0"
  barcode_widget:
    dependency: transitive
    description:
      name: barcode_widget
      url: "https://pub.dartlang.org"
    source: hosted
    version: "2.0.1"
  basic_utils:
    dependency: transitive
    description:
      name: basic_utils
      url: "https://pub.dartlang.org"
    source: hosted
    version: "3.3.3"
  boolean_selector:
    dependency: transitive
    description:
      name: boolean_selector
      url: "https://pub.dartlang.org"
    source: hosted
    version: "2.1.0"
  build:
    dependency: transitive
    description:
      name: build
      url: "https://pub.dartlang.org"
    source: hosted
    version: "2.1.0"
  build_config:
    dependency: transitive
    description:
      name: build_config
      url: "https://pub.dartlang.org"
    source: hosted
    version: "1.0.0"
  cached_network_image:
    dependency: transitive
    description:
      name: cached_network_image
      url: "https://pub.dartlang.org"
    source: hosted
    version: "3.1.0"
  cached_network_image_platform_interface:
    dependency: transitive
    description:
      name: cached_network_image_platform_interface
      url: "https://pub.dartlang.org"
    source: hosted
    version: "1.0.0"
  cached_network_image_web:
    dependency: transitive
    description:
      name: cached_network_image_web
      url: "https://pub.dartlang.org"
    source: hosted
    version: "1.0.1"
  camera:
    dependency: transitive
    description:
      name: camera
      url: "https://pub.dartlang.org"
    source: hosted
    version: "0.8.1+7"
  camera_camera:
    dependency: transitive
    description:
      name: camera_camera
      url: "https://pub.dartlang.org"
    source: hosted
    version: "2.0.2"
  camera_platform_interface:
    dependency: transitive
    description:
      name: camera_platform_interface
      url: "https://pub.dartlang.org"
    source: hosted
    version: "2.1.1"
  carousel_slider:
    dependency: transitive
    description:
      name: carousel_slider
      url: "https://pub.dartlang.org"
    source: hosted
    version: "4.0.0"
  characters:
    dependency: transitive
    description:
      name: characters
      url: "https://pub.dartlang.org"
    source: hosted
    version: "1.1.0"
  charcode:
    dependency: transitive
    description:
      name: charcode
      url: "https://pub.dartlang.org"
    source: hosted
    version: "1.2.0"
  checked_yaml:
    dependency: transitive
    description:
      name: checked_yaml
      url: "https://pub.dartlang.org"
    source: hosted
    version: "2.0.1"
  chewie:
    dependency: transitive
    description:
      path: "."
      ref: null-safety
      resolved-ref: c545f098a39d2165d2d5210f47ceb81d0879a9e6
      url: "https://github.com/abdur-rohman2883/chewie"
    source: git
    version: "1.2.2"
  cli_util:
    dependency: transitive
    description:
      name: cli_util
      url: "https://pub.dartlang.org"
    source: hosted
    version: "0.3.3"
  clock:
    dependency: transitive
    description:
      name: clock
      url: "https://pub.dartlang.org"
    source: hosted
    version: "1.1.0"
  collection:
    dependency: transitive
    description:
      name: collection
      url: "https://pub.dartlang.org"
    source: hosted
    version: "1.15.0"
  connectivity:
    dependency: "direct main"
    description:
      name: connectivity
      url: "https://pub.dartlang.org"
    source: hosted
    version: "3.0.6"
  connectivity_for_web:
    dependency: transitive
    description:
      name: connectivity_for_web
      url: "https://pub.dartlang.org"
    source: hosted
    version: "0.4.0"
  connectivity_macos:
    dependency: transitive
    description:
      name: connectivity_macos
      url: "https://pub.dartlang.org"
    source: hosted
    version: "0.2.0"
  connectivity_platform_interface:
    dependency: transitive
    description:
      name: connectivity_platform_interface
      url: "https://pub.dartlang.org"
    source: hosted
    version: "2.0.1"
  contact_picker_platform_interface:
    dependency: transitive
    description:
      name: contact_picker_platform_interface
      url: "https://pub.dartlang.org"
    source: hosted
    version: "4.5.1"
  contact_picker_web:
    dependency: transitive
    description:
      name: contact_picker_web
      url: "https://pub.dartlang.org"
    source: hosted
    version: "4.5.1"
  convert:
    dependency: transitive
    description:
      name: convert
      url: "https://pub.dartlang.org"
    source: hosted
    version: "3.0.1"
  cross_file:
    dependency: transitive
    description:
      name: cross_file
      url: "https://pub.dartlang.org"
    source: hosted
    version: "0.3.2"
  crypto:
    dependency: transitive
    description:
      name: crypto
      url: "https://pub.dartlang.org"
    source: hosted
    version: "3.0.1"
  csslib:
    dependency: transitive
    description:
      name: csslib
      url: "https://pub.dartlang.org"
    source: hosted
    version: "0.17.1"
  cupertino_icons:
    dependency: "direct main"
    description:
      name: cupertino_icons
      url: "https://pub.dartlang.org"
    source: hosted
    version: "1.0.3"
  dart_style:
    dependency: transitive
    description:
      name: dart_style
      url: "https://pub.dartlang.org"
    source: hosted
    version: "2.0.3"
  dbus:
    dependency: transitive
    description:
      name: dbus
      url: "https://pub.dartlang.org"
    source: hosted
    version: "0.5.6"
  device_info:
    dependency: transitive
    description:
      name: device_info
      url: "https://pub.dartlang.org"
    source: hosted
    version: "2.0.2"
  device_info_platform_interface:
    dependency: transitive
    description:
      name: device_info_platform_interface
      url: "https://pub.dartlang.org"
    source: hosted
    version: "2.0.1"
  dio:
    dependency: "direct main"
    description:
      name: dio
      url: "https://pub.dartlang.org"
    source: hosted
    version: "4.0.0"
  dio_http_cache:
    dependency: "direct main"
    description:
      name: dio_http_cache
      url: "https://pub.dartlang.org"
    source: hosted
    version: "0.3.0"
  dotted_border:
    dependency: transitive
    description:
      name: dotted_border
      url: "https://pub.dartlang.org"
    source: hosted
    version: "2.0.0+1"
  encrypt:
    dependency: "direct main"
    description:
      name: encrypt
      url: "https://pub.dartlang.org"
    source: hosted
    version: "5.0.0"
  event_bus:
    dependency: "direct main"
    description:
      name: event_bus
      url: "https://pub.dartlang.org"
    source: hosted
    version: "2.0.0"
  fake_async:
    dependency: transitive
    description:
      name: fake_async
      url: "https://pub.dartlang.org"
    source: hosted
    version: "1.2.0"
  ffi:
    dependency: transitive
    description:
      name: ffi
      url: "https://pub.dartlang.org"
    source: hosted
    version: "1.1.2"
  file:
    dependency: transitive
    description:
      name: file
      url: "https://pub.dartlang.org"
    source: hosted
    version: "6.1.2"
  firebase:
    dependency: transitive
    description:
      name: firebase
      url: "https://pub.dartlang.org"
    source: hosted
    version: "9.0.1"
  firebase_analytics:
    dependency: "direct main"
    description:
      name: firebase_analytics
      url: "https://pub.dartlang.org"
    source: hosted
    version: "8.2.0"
  firebase_analytics_platform_interface:
    dependency: transitive
    description:
      name: firebase_analytics_platform_interface
      url: "https://pub.dartlang.org"
    source: hosted
    version: "2.0.1"
  firebase_analytics_web:
    dependency: transitive
    description:
      name: firebase_analytics_web
      url: "https://pub.dartlang.org"
    source: hosted
    version: "0.3.0+1"
  firebase_core:
    dependency: "direct main"
    description:
      name: firebase_core
      url: "https://pub.dartlang.org"
    source: hosted
    version: "1.4.0"
  firebase_core_platform_interface:
    dependency: transitive
    description:
      name: firebase_core_platform_interface
      url: "https://pub.dartlang.org"
    source: hosted
    version: "4.0.1"
  firebase_core_web:
    dependency: transitive
    description:
      name: firebase_core_web
      url: "https://pub.dartlang.org"
    source: hosted
    version: "1.1.0"
  firebase_crashlytics:
    dependency: "direct main"
    description:
      name: firebase_crashlytics
      url: "https://pub.dartlang.org"
    source: hosted
    version: "2.1.1"
  firebase_crashlytics_platform_interface:
    dependency: transitive
    description:
      name: firebase_crashlytics_platform_interface
      url: "https://pub.dartlang.org"
    source: hosted
    version: "3.1.0"
  firebase_messaging:
    dependency: "direct main"
    description:
      name: firebase_messaging
      url: "https://pub.dartlang.org"
    source: hosted
    version: "10.0.4"
  firebase_messaging_platform_interface:
    dependency: transitive
    description:
      name: firebase_messaging_platform_interface
      url: "https://pub.dartlang.org"
    source: hosted
    version: "3.0.3"
  firebase_messaging_web:
    dependency: transitive
    description:
      name: firebase_messaging_web
      url: "https://pub.dartlang.org"
    source: hosted
    version: "2.0.3"
  firebase_remote_config:
    dependency: "direct main"
    description:
      name: firebase_remote_config
      url: "https://pub.dartlang.org"
    source: hosted
    version: "0.10.0+3"
  firebase_remote_config_platform_interface:
    dependency: transitive
    description:
      name: firebase_remote_config_platform_interface
      url: "https://pub.dartlang.org"
    source: hosted
    version: "0.3.0+3"
  flutter:
    dependency: "direct main"
    description: flutter
    source: sdk
    version: "0.0.0"
  flutter_barcode_scanner:
    dependency: transitive
    description:
      name: flutter_barcode_scanner
      url: "https://pub.dartlang.org"
    source: hosted
    version: "2.0.0-nullsafety.0"
  flutter_blurhash:
    dependency: transitive
    description:
      name: flutter_blurhash
      url: "https://pub.dartlang.org"
    source: hosted
    version: "0.6.0"
  flutter_cache_manager:
    dependency: transitive
    description:
      name: flutter_cache_manager
      url: "https://pub.dartlang.org"
    source: hosted
    version: "3.1.2"
  flutter_clean_architecture:
    dependency: "direct main"
    description:
      name: flutter_clean_architecture
      url: "https://pub.dartlang.org"
    source: hosted
    version: "5.0.0"
  flutter_dotenv:
    dependency: "direct main"
    description:
      name: flutter_dotenv
      url: "https://pub.dartlang.org"
    source: hosted
    version: "5.0.0"
  flutter_downloader:
    dependency: transitive
    description:
      name: flutter_downloader
      url: "https://pub.dartlang.org"
    source: hosted
    version: "1.6.1"
  flutter_launcher_icons:
    dependency: transitive
    description:
      name: flutter_launcher_icons
      url: "https://pub.dartlang.org"
    source: hosted
    version: "0.9.1"
  flutter_local_notifications:
    dependency: transitive
    description:
      name: flutter_local_notifications
      url: "https://pub.dartlang.org"
    source: hosted
    version: "6.1.0"
  flutter_local_notifications_linux:
    dependency: transitive
    description:
      name: flutter_local_notifications_linux
      url: "https://pub.dartlang.org"
    source: hosted
    version: "0.1.0+1"
  flutter_local_notifications_platform_interface:
    dependency: transitive
    description:
      name: flutter_local_notifications_platform_interface
      url: "https://pub.dartlang.org"
    source: hosted
    version: "4.0.1"
  flutter_localizations:
    dependency: "direct main"
    description: flutter
    source: sdk
    version: "0.0.0"
  flutter_modular:
    dependency: "direct main"
    description:
      name: flutter_modular
      url: "https://pub.dartlang.org"
    source: hosted
    version: "4.0.1"
  flutter_modular_annotations:
    dependency: transitive
    description:
      name: flutter_modular_annotations
      url: "https://pub.dartlang.org"
    source: hosted
    version: "0.0.2"
  flutter_plugin_android_lifecycle:
    dependency: transitive
    description:
      name: flutter_plugin_android_lifecycle
      url: "https://pub.dartlang.org"
    source: hosted
    version: "2.0.4"
  flutter_screenutil:
    dependency: transitive
    description:
      name: flutter_screenutil
      url: "https://pub.dartlang.org"
    source: hosted
    version: "5.0.0+2"
  flutter_slidable:
    dependency: transitive
    description:
      name: flutter_slidable
      url: "https://pub.dartlang.org"
    source: hosted
    version: "0.6.0"
  flutter_svg:
    dependency: transitive
    description:
      name: flutter_svg
      url: "https://pub.dartlang.org"
    source: hosted
    version: "0.22.0"
  flutter_test:
    dependency: "direct dev"
    description: flutter
    source: sdk
    version: "0.0.0"
  flutter_web_plugins:
    dependency: transitive
    description: flutter
    source: sdk
    version: "0.0.0"
  flutter_widget_from_html_core:
    dependency: transitive
    description:
      name: flutter_widget_from_html_core
      url: "https://pub.dartlang.org"
    source: hosted
    version: "0.6.1+4"
  fluttercontactpicker:
    dependency: transitive
    description:
      name: fluttercontactpicker
      url: "https://pub.dartlang.org"
    source: hosted
    version: "4.5.1"
  font_awesome_flutter:
    dependency: transitive
    description:
      name: font_awesome_flutter
      url: "https://pub.dartlang.org"
    source: hosted
    version: "9.2.0"
  glob:
    dependency: transitive
    description:
      name: glob
      url: "https://pub.dartlang.org"
    source: hosted
    version: "2.0.1"
  html:
    dependency: transitive
    description:
      name: html
      url: "https://pub.dartlang.org"
    source: hosted
    version: "0.15.0"
  http:
    dependency: transitive
    description:
      name: http
      url: "https://pub.dartlang.org"
    source: hosted
    version: "0.13.3"
  http_parser:
    dependency: transitive
    description:
      name: http_parser
      url: "https://pub.dartlang.org"
    source: hosted
    version: "4.0.0"
  image:
    dependency: transitive
    description:
      name: image
      url: "https://pub.dartlang.org"
    source: hosted
    version: "3.0.8"
  image_cropper:
    dependency: transitive
    description:
      name: image_cropper
      url: "https://pub.dartlang.org"
    source: hosted
    version: "1.4.1"
  image_picker:
    dependency: transitive
    description:
      name: image_picker
      url: "https://pub.dartlang.org"
    source: hosted
    version: "0.8.2"
  image_picker_for_web:
    dependency: transitive
    description:
      name: image_picker_for_web
      url: "https://pub.dartlang.org"
    source: hosted
    version: "2.1.4"
  image_picker_platform_interface:
    dependency: transitive
    description:
      name: image_picker_platform_interface
      url: "https://pub.dartlang.org"
    source: hosted
    version: "2.4.1"
  infinite_listview:
    dependency: transitive
    description:
      name: infinite_listview
      url: "https://pub.dartlang.org"
    source: hosted
    version: "1.1.0"
  injector:
    dependency: "direct main"
    description:
      name: injector
      url: "https://pub.dartlang.org"
    source: hosted
    version: "2.0.0"
  intl:
    dependency: "direct main"
    description:
      name: intl
      url: "https://pub.dartlang.org"
    source: hosted
    version: "0.17.0"
  js:
    dependency: transitive
    description:
      name: js
      url: "https://pub.dartlang.org"
    source: hosted
    version: "0.6.3"
  json_annotation:
    dependency: transitive
    description:
      name: json_annotation
      url: "https://pub.dartlang.org"
    source: hosted
    version: "4.0.1"
  json_serializable:
    dependency: transitive
    description:
      name: json_serializable
      url: "https://pub.dartlang.org"
    source: hosted
    version: "4.1.4"
  logging:
    dependency: "direct main"
    description:
      name: logging
      url: "https://pub.dartlang.org"
    source: hosted
    version: "1.0.1"
  matcher:
    dependency: transitive
    description:
      name: matcher
      url: "https://pub.dartlang.org"
    source: hosted
    version: "0.12.10"
  meta:
    dependency: transitive
    description:
      name: meta
      url: "https://pub.dartlang.org"
    source: hosted
    version: "1.3.0"
  modular_core:
    dependency: transitive
    description:
      name: modular_core
      url: "https://pub.dartlang.org"
    source: hosted
    version: "1.0.4"
  modular_interfaces:
    dependency: transitive
    description:
      name: modular_interfaces
      url: "https://pub.dartlang.org"
    source: hosted
    version: "1.0.0+1"
  nested:
    dependency: transitive
    description:
      name: nested
      url: "https://pub.dartlang.org"
    source: hosted
    version: "1.0.0"
  network_to_file_image:
    dependency: transitive
    description:
      name: network_to_file_image
      url: "https://pub.dartlang.org"
    source: hosted
    version: "3.0.0"
  numberpicker:
    dependency: transitive
    description:
      name: numberpicker
      url: "https://pub.dartlang.org"
    source: hosted
    version: "2.1.1"
  octo_image:
    dependency: transitive
    description:
      name: octo_image
      url: "https://pub.dartlang.org"
    source: hosted
    version: "1.0.0+1"
  package_config:
    dependency: transitive
    description:
      name: package_config
      url: "https://pub.dartlang.org"
    source: hosted
    version: "2.0.0"
  package_info:
    dependency: "direct main"
    description:
      name: package_info
      url: "https://pub.dartlang.org"
    source: hosted
    version: "2.0.2"
  path:
    dependency: transitive
    description:
      name: path
      url: "https://pub.dartlang.org"
    source: hosted
    version: "1.8.0"
  path_drawing:
    dependency: transitive
    description:
      name: path_drawing
      url: "https://pub.dartlang.org"
    source: hosted
    version: "0.5.1+1"
  path_parsing:
    dependency: transitive
    description:
      name: path_parsing
      url: "https://pub.dartlang.org"
    source: hosted
    version: "0.2.1"
  path_provider:
    dependency: "direct main"
    description:
      name: path_provider
      url: "https://pub.dartlang.org"
    source: hosted
    version: "2.0.2"
  path_provider_linux:
    dependency: transitive
    description:
      name: path_provider_linux
      url: "https://pub.dartlang.org"
    source: hosted
    version: "2.0.2"
  path_provider_macos:
    dependency: transitive
    description:
      name: path_provider_macos
      url: "https://pub.dartlang.org"
    source: hosted
    version: "2.0.2"
  path_provider_platform_interface:
    dependency: transitive
    description:
      name: path_provider_platform_interface
      url: "https://pub.dartlang.org"
    source: hosted
    version: "2.0.1"
  path_provider_windows:
    dependency: transitive
    description:
      name: path_provider_windows
      url: "https://pub.dartlang.org"
    source: hosted
    version: "2.0.3"
  pedantic:
    dependency: transitive
    description:
      name: pedantic
      url: "https://pub.dartlang.org"
    source: hosted
    version: "1.11.1"
  permission_handler:
    dependency: "direct main"
    description:
      name: permission_handler
      url: "https://pub.dartlang.org"
    source: hosted
    version: "8.1.4+1"
  permission_handler_platform_interface:
    dependency: transitive
    description:
      name: permission_handler_platform_interface
      url: "https://pub.dartlang.org"
    source: hosted
    version: "3.6.1"
  petitparser:
    dependency: transitive
    description:
      name: petitparser
      url: "https://pub.dartlang.org"
    source: hosted
    version: "4.1.0"
  photo_view:
    dependency: transitive
    description:
      name: photo_view
      url: "https://pub.dartlang.org"
    source: hosted
    version: "0.12.0"
  pin_code_text_field:
    dependency: transitive
    description:
      name: pin_code_text_field
      url: "https://pub.dartlang.org"
    source: hosted
    version: "1.8.0"
  platform:
    dependency: transitive
    description:
      name: platform
      url: "https://pub.dartlang.org"
    source: hosted
    version: "3.0.0"
  plugin_platform_interface:
    dependency: transitive
    description:
      name: plugin_platform_interface
      url: "https://pub.dartlang.org"
    source: hosted
    version: "2.0.1"
  pointycastle:
    dependency: transitive
    description:
      name: pointycastle
      url: "https://pub.dartlang.org"
    source: hosted
    version: "3.2.0"
  posix:
    dependency: transitive
    description:
      name: posix
      url: "https://pub.dartlang.org"
    source: hosted
    version: "2.2.0"
  process:
    dependency: transitive
    description:
      name: process
      url: "https://pub.dartlang.org"
    source: hosted
    version: "4.2.3"
  provider:
    dependency: transitive
    description:
      name: provider
      url: "https://pub.dartlang.org"
    source: hosted
    version: "5.0.0"
  pub_semver:
    dependency: transitive
    description:
      name: pub_semver
      url: "https://pub.dartlang.org"
    source: hosted
    version: "2.0.0"
  pubspec_parse:
    dependency: transitive
    description:
      name: pubspec_parse
      url: "https://pub.dartlang.org"
    source: hosted
    version: "1.0.0"
  pull_to_refresh:
    dependency: transitive
    description:
      name: pull_to_refresh
      url: "https://pub.dartlang.org"
    source: hosted
    version: "2.0.0"
  qr:
    dependency: transitive
    description:
      name: qr
      url: "https://pub.dartlang.org"
    source: hosted
    version: "2.1.0"
  qr_code_scanner:
    dependency: transitive
    description:
      name: qr_code_scanner
      url: "https://pub.dartlang.org"
    source: hosted
    version: "0.5.2"
  quiver:
    dependency: transitive
    description:
      name: quiver
      url: "https://pub.dartlang.org"
    source: hosted
    version: "3.0.1"
  responsive_builder:
    dependency: transitive
    description:
      name: responsive_builder
      url: "https://pub.dartlang.org"
    source: hosted
    version: "0.4.1"
  rxdart:
    dependency: transitive
    description:
      name: rxdart
      url: "https://pub.dartlang.org"
    source: hosted
    version: "0.26.0"
  sfid_mobile:
    dependency: "direct main"
    description:
      path: "."
      ref: HEAD
      resolved-ref: "13ef7d4c2189efa2595400aa0ce7019d2c95ba5c"
      url: "https://BSI80091@dev.azure.com/BSI80091/PoC%20Merge%20KTB%20Apps/_git/PoC%20Merge%20KTB%20Apps"
    source: git
    version: "2.0.0+40"
  shared_preferences:
    dependency: "direct main"
    description:
      name: shared_preferences
      url: "https://pub.dartlang.org"
    source: hosted
    version: "2.0.6"
  shared_preferences_linux:
    dependency: transitive
    description:
      name: shared_preferences_linux
      url: "https://pub.dartlang.org"
    source: hosted
    version: "2.0.2"
  shared_preferences_macos:
    dependency: transitive
    description:
      name: shared_preferences_macos
      url: "https://pub.dartlang.org"
    source: hosted
    version: "2.0.2"
  shared_preferences_platform_interface:
    dependency: transitive
    description:
      name: shared_preferences_platform_interface
      url: "https://pub.dartlang.org"
    source: hosted
    version: "2.0.0"
  shared_preferences_web:
    dependency: transitive
    description:
      name: shared_preferences_web
      url: "https://pub.dartlang.org"
    source: hosted
    version: "2.0.1"
  shared_preferences_windows:
    dependency: transitive
    description:
      name: shared_preferences_windows
      url: "https://pub.dartlang.org"
    source: hosted
    version: "2.0.2"
  sky_engine:
    dependency: transitive
    description: flutter
    source: sdk
    version: "0.0.99"
  sn_progress_dialog:
    dependency: "direct main"
    description:
      name: sn_progress_dialog
      url: "https://pub.dartlang.org"
    source: hosted
    version: "1.0.2"
  source_gen:
    dependency: transitive
    description:
      name: source_gen
      url: "https://pub.dartlang.org"
    source: hosted
    version: "1.0.3"
  source_span:
    dependency: transitive
    description:
      name: source_span
      url: "https://pub.dartlang.org"
    source: hosted
    version: "1.8.1"
  sqflite:
    dependency: transitive
    description:
      name: sqflite
      url: "https://pub.dartlang.org"
    source: hosted
    version: "2.0.0+3"
  sqflite_common:
    dependency: transitive
    description:
      name: sqflite_common
      url: "https://pub.dartlang.org"
    source: hosted
    version: "2.0.0+2"
  stack_trace:
    dependency: transitive
    description:
      name: stack_trace
      url: "https://pub.dartlang.org"
    source: hosted
    version: "1.10.0"
  stream_channel:
    dependency: transitive
    description:
      name: stream_channel
      url: "https://pub.dartlang.org"
    source: hosted
    version: "2.1.0"
  stream_transform:
    dependency: transitive
    description:
      name: stream_transform
      url: "https://pub.dartlang.org"
    source: hosted
    version: "2.0.0"
  string_scanner:
    dependency: transitive
    description:
      name: string_scanner
      url: "https://pub.dartlang.org"
    source: hosted
    version: "1.1.0"
  syncfusion_flutter_core:
    dependency: transitive
    description:
      name: syncfusion_flutter_core
      url: "https://pub.dartlang.org"
    source: hosted
    version: "19.3.48"
  syncfusion_flutter_pdf:
    dependency: transitive
    description:
      name: syncfusion_flutter_pdf
      url: "https://pub.dartlang.org"
    source: hosted
    version: "19.3.48-beta"
  syncfusion_flutter_pdfviewer:
    dependency: transitive
    description:
      name: syncfusion_flutter_pdfviewer
      url: "https://pub.dartlang.org"
    source: hosted
    version: "19.2.49-beta"
  syncfusion_flutter_pdfviewer_macos:
    dependency: transitive
    description:
      name: syncfusion_flutter_pdfviewer_macos
      url: "https://pub.dartlang.org"
    source: hosted
    version: "19.3.48-beta"
  syncfusion_flutter_pdfviewer_platform_interface:
    dependency: transitive
    description:
      name: syncfusion_flutter_pdfviewer_platform_interface
      url: "https://pub.dartlang.org"
    source: hosted
    version: "19.3.48-beta"
  syncfusion_flutter_pdfviewer_web:
    dependency: transitive
    description:
      name: syncfusion_flutter_pdfviewer_web
      url: "https://pub.dartlang.org"
    source: hosted
    version: "19.3.48-beta"
  synchronized:
    dependency: transitive
    description:
      name: synchronized
      url: "https://pub.dartlang.org"
    source: hosted
    version: "3.0.0"
  term_glyph:
    dependency: transitive
    description:
      name: term_glyph
      url: "https://pub.dartlang.org"
    source: hosted
    version: "1.2.0"
  test_api:
    dependency: transitive
    description:
      name: test_api
      url: "https://pub.dartlang.org"
    source: hosted
    version: "0.3.0"
  timeago:
    dependency: "direct main"
    description:
      name: timeago
      url: "https://pub.dartlang.org"
    source: hosted
    version: "3.1.0"
  timelines:
    dependency: transitive
    description:
      name: timelines
      url: "https://pub.dartlang.org"
    source: hosted
    version: "0.1.0"
  timezone:
    dependency: transitive
    description:
      name: timezone
      url: "https://pub.dartlang.org"
    source: hosted
    version: "0.7.0"
  transparent_image:
    dependency: transitive
    description:
      name: transparent_image
      url: "https://pub.dartlang.org"
    source: hosted
    version: "2.0.0"
  triple:
    dependency: transitive
    description:
      name: triple
      url: "https://pub.dartlang.org"
    source: hosted
    version: "1.3.0+2"
  typed_data:
    dependency: transitive
    description:
      name: typed_data
      url: "https://pub.dartlang.org"
    source: hosted
    version: "1.3.0"
  url_launcher:
    dependency: transitive
    description:
      name: url_launcher
      url: "https://pub.dartlang.org"
    source: hosted
    version: "6.0.9"
  url_launcher_linux:
    dependency: transitive
    description:
      name: url_launcher_linux
      url: "https://pub.dartlang.org"
    source: hosted
    version: "2.0.2"
  url_launcher_macos:
    dependency: transitive
    description:
      name: url_launcher_macos
      url: "https://pub.dartlang.org"
    source: hosted
    version: "2.0.2"
  url_launcher_platform_interface:
    dependency: transitive
    description:
      name: url_launcher_platform_interface
      url: "https://pub.dartlang.org"
    source: hosted
    version: "2.0.4"
  url_launcher_web:
    dependency: transitive
    description:
      name: url_launcher_web
      url: "https://pub.dartlang.org"
    source: hosted
    version: "2.0.4"
  url_launcher_windows:
    dependency: transitive
    description:
      name: url_launcher_windows
      url: "https://pub.dartlang.org"
    source: hosted
    version: "2.0.2"
  uuid:
    dependency: transitive
    description:
      name: uuid
      url: "https://pub.dartlang.org"
    source: hosted
    version: "3.0.5"
  validators:
    dependency: transitive
    description:
      name: validators
      url: "https://pub.dartlang.org"
    source: hosted
    version: "3.0.0"
  vector_math:
    dependency: transitive
    description:
      name: vector_math
      url: "https://pub.dartlang.org"
    source: hosted
    version: "2.1.0"
  video_player:
    dependency: transitive
    description:
      name: video_player
      url: "https://pub.dartlang.org"
    source: hosted
    version: "2.1.12"
  video_player_platform_interface:
    dependency: transitive
    description:
      name: video_player_platform_interface
      url: "https://pub.dartlang.org"
    source: hosted
    version: "4.2.0"
  video_player_web:
    dependency: transitive
    description:
      name: video_player_web
      url: "https://pub.dartlang.org"
    source: hosted
    version: "2.0.4"
  wakelock:
    dependency: transitive
    description:
      name: wakelock
      url: "https://pub.dartlang.org"
    source: hosted
    version: "0.5.6"
  wakelock_macos:
    dependency: transitive
    description:
      name: wakelock_macos
      url: "https://pub.dartlang.org"
    source: hosted
    version: "0.4.0"
  wakelock_platform_interface:
    dependency: transitive
    description:
      name: wakelock_platform_interface
      url: "https://pub.dartlang.org"
    source: hosted
    version: "0.3.0"
  wakelock_web:
    dependency: transitive
    description:
      name: wakelock_web
      url: "https://pub.dartlang.org"
    source: hosted
    version: "0.4.0"
  wakelock_windows:
    dependency: transitive
    description:
      name: wakelock_windows
      url: "https://pub.dartlang.org"
    source: hosted
    version: "0.2.0"
  watcher:
    dependency: transitive
    description:
      name: watcher
      url: "https://pub.dartlang.org"
    source: hosted
    version: "1.0.0"
  webview_flutter:
    dependency: transitive
    description:
      name: webview_flutter
      url: "https://pub.dartlang.org"
    source: hosted
    version: "2.0.10"
  win32:
    dependency: transitive
    description:
      name: win32
      url: "https://pub.dartlang.org"
    source: hosted
    version: "2.2.5"
  xdg_directories:
    dependency: transitive
    description:
      name: xdg_directories
      url: "https://pub.dartlang.org"
    source: hosted
    version: "0.2.0"
  xml:
    dependency: transitive
    description:
      name: xml
      url: "https://pub.dartlang.org"
    source: hosted
    version: "5.1.2"
  yaml:
    dependency: transitive
    description:
      name: yaml
      url: "https://pub.dartlang.org"
    source: hosted
    version: "3.1.0"
sdks:
  dart: ">=2.13.0 <3.0.0"
  flutter: ">=2.2.0"
